
Microsoft Visual Studio Solution File, Format Version 12.00
# Visual Studio Version 16
VisualStudioVersion = 16.0.30611.23
MinimumVisualStudioVersion = 10.0.40219.1
Project("{FAE04EC0-301F-11D3-BF4B-00C04F79EFBC}") = "GearAllocator", "GearAllocator.csproj", "{5D56AB2A-64D7-43B4-994D-90A4301BA738}"
EndProject
Global
	GlobalSection(SolutionConfigurationPlatforms) = preSolution
		Debug|Any CPU = Debug|Any CPU
		Release|Any CPU = Release|Any CPU
	EndGlobalSection
	GlobalSection(ProjectConfigurationPlatforms) = postSolution
		{5D56AB2A-64D7-43B4-994D-90A4301BA738}.Debug|Any CPU.ActiveCfg = Debug|Any CPU
		{5D56AB2A-64D7-43B4-994D-90A4301BA738}.Debug|Any CPU.Build.0 = Debug|Any CPU
		{5D56AB2A-64D7-43B4-994D-90A4301BA738}.Release|Any CPU.ActiveCfg = Release|Any CPU
		{5D56AB2A-64D7-43B4-994D-90A4301BA738}.Release|Any CPU.Build.0 = Release|Any CPU
	EndGlobalSection
	GlobalSection(SolutionProperties) = preSolution
		HideSolutionNode = FALSE
	EndGlobalSection
	GlobalSection(ExtensibilityGlobals) = postSolution
		SolutionGuid = {3FBFC63F-C690-4153-957A-256D5BB50DEB}
	EndGlobalSection
EndGlobal
